
Microsoft Visual Studio Solution File, Format Version 11.00
# Visual Studio 2010
Project("{FAE04EC0-301F-11D3-BF4B-00C04F79EFBC}") = "Rise_Client", "Assembly-CSharp-firstpass.csproj", "{C2F1253E-BAB8-449C-A54F-917701FFA192}"
EndProject
Project("{FAE04EC0-301F-11D3-BF4B-00C04F79EFBC}") = "Rise_Client", "Assembly-CSharp.csproj", "{FCC94B79-6730-5AA8-E4C0-A62ABAD1F3DB}"
EndProject
Project("{FAE04EC0-301F-11D3-BF4B-00C04F79EFBC}") = "Rise_Client", "Assembly-CSharp-Editor.csproj", "{9EFD10FC-E4CA-EAEB-E090-4B18FFEC5CF9}"
EndProject
Global
	GlobalSection(SolutionConfigurationPlatforms) = preSolution
		Debug|Any CPU = Debug|Any CPU
		Release|Any CPU = Release|Any CPU
	EndGlobalSection
	GlobalSection(ProjectConfigurationPlatforms) = postSolution
		{C2F1253E-BAB8-449C-A54F-917701FFA192}.Debug|Any CPU.ActiveCfg = Debug|Any CPU
		{C2F1253E-BAB8-449C-A54F-917701FFA192}.Debug|Any CPU.Build.0 = Debug|Any CPU
		{C2F1253E-BAB8-449C-A54F-917701FFA192}.Release|Any CPU.ActiveCfg = Release|Any CPU
		{C2F1253E-BAB8-449C-A54F-917701FFA192}.Release|Any CPU.Build.0 = Release|Any CPU
		{FCC94B79-6730-5AA8-E4C0-A62ABAD1F3DB}.Debug|Any CPU.ActiveCfg = Debug|Any CPU
		{FCC94B79-6730-5AA8-E4C0-A62ABAD1F3DB}.Debug|Any CPU.Build.0 = Debug|Any CPU
		{FCC94B79-6730-5AA8-E4C0-A62ABAD1F3DB}.Release|Any CPU.ActiveCfg = Release|Any CPU
		{FCC94B79-6730-5AA8-E4C0-A62ABAD1F3DB}.Release|Any CPU.Build.0 = Release|Any CPU
		{9EFD10FC-E4CA-EAEB-E090-4B18FFEC5CF9}.Debug|Any CPU.ActiveCfg = Debug|Any CPU
		{9EFD10FC-E4CA-EAEB-E090-4B18FFEC5CF9}.Debug|Any CPU.Build.0 = Debug|Any CPU
		{9EFD10FC-E4CA-EAEB-E090-4B18FFEC5CF9}.Release|Any CPU.ActiveCfg = Release|Any CPU
		{9EFD10FC-E4CA-EAEB-E090-4B18FFEC5CF9}.Release|Any CPU.Build.0 = Release|Any CPU
	EndGlobalSection
	GlobalSection(SolutionProperties) = preSolution
		HideSolutionNode = FALSE
	EndGlobalSection
	GlobalSection(MonoDevelopProperties) = preSolution
		StartupItem = Assembly-CSharp.csproj
	EndGlobalSection
EndGlobal
