
Microsoft Visual Studio Solution File, Format Version 11.00
# Visual Studio 2010
Project("{FAE04EC0-301F-11D3-BF4B-00C04F79EFBC}") = "Assembly-CSharp", "Assembly-CSharp.csproj", "{3D515A51-9C4B-A9A0-C69D-7AD464AB99C1}"
EndProject
Project("{FAE04EC0-301F-11D3-BF4B-00C04F79EFBC}") = "Assembly-CSharp-Editor", "Assembly-CSharp-Editor.csproj", "{E99D0F50-E4D9-EB51-D95D-903DBD49DCC2}"
EndProject
Global
	GlobalSection(SolutionConfigurationPlatforms) = preSolution
		Debug|Any CPU = Debug|Any CPU
		Release|Any CPU = Release|Any CPU
	EndGlobalSection
	GlobalSection(ProjectConfigurationPlatforms) = postSolution
		{3D515A51-9C4B-A9A0-C69D-7AD464AB99C1}.Debug|Any CPU.ActiveCfg = Debug|Any CPU
		{3D515A51-9C4B-A9A0-C69D-7AD464AB99C1}.Debug|Any CPU.Build.0 = Debug|Any CPU
		{3D515A51-9C4B-A9A0-C69D-7AD464AB99C1}.Release|Any CPU.ActiveCfg = Release|Any CPU
		{3D515A51-9C4B-A9A0-C69D-7AD464AB99C1}.Release|Any CPU.Build.0 = Release|Any CPU
		{E99D0F50-E4D9-EB51-D95D-903DBD49DCC2}.Debug|Any CPU.ActiveCfg = Debug|Any CPU
		{E99D0F50-E4D9-EB51-D95D-903DBD49DCC2}.Debug|Any CPU.Build.0 = Debug|Any CPU
		{E99D0F50-E4D9-EB51-D95D-903DBD49DCC2}.Release|Any CPU.ActiveCfg = Release|Any CPU
		{E99D0F50-E4D9-EB51-D95D-903DBD49DCC2}.Release|Any CPU.Build.0 = Release|Any CPU
	EndGlobalSection
	GlobalSection(SolutionProperties) = preSolution
		HideSolutionNode = FALSE
	EndGlobalSection
EndGlobal
